<?xml version="1.0" encoding="utf-8"?>
<Project ToolsVersion="4.0" xmlns="http://schemas.microsoft.com/developer/msbuild/2003">
  <ItemGroup>
    <Filter Include="Source Files">
      <UniqueIdentifier>{4FC737F1-C7A5-4376-A066-2A32D752A2FF}</UniqueIdentifier>
      <Extensions>cpp;c;cc;cxx;c++;cppm;ixx;def;odl;idl;hpj;bat;asm;asmx</Extensions>
    </Filter>
    <Filter Include="Header Files">
      <UniqueIdentifier>{93995380-89BD-4b04-88EB-625FBE52EBFB}</UniqueIdentifier>
      <Extensions>h;hh;hpp;hxx;h++;hm;inl;inc;ipp;xsd</Extensions>
    </Filter>
    <Filter Include="Resource Files">
      <UniqueIdentifier>{67DA6AB6-F800-4c08-8B7A-83BB121AAD01}</UniqueIdentifier>
      <Extensions>rc;ico;cur;bmp;dlg;rc2;rct;bin;rgs;gif;jpg;jpeg;jpe;resx;tiff;tif;png;wav;mfcribbon-ms</Extensions>
    </Filter>
    <Filter Include="battery-S11-72V">
      <UniqueIdentifier>{2c4af50d-78d7-4743-a0b4-dca9ba5574b7}</UniqueIdentifier>
    </Filter>
    <Filter Include="battery-S12-72V">
      <UniqueIdentifier>{2631c437-77cd-41c6-b52b-1df8ea97f2bd}</UniqueIdentifier>
    </Filter>
  </ItemGroup>
  <ItemGroup>
    <ClCompile Include="Source.cpp">
      <Filter>Source Files</Filter>
    </ClCompile>
  </ItemGroup>
  <ItemGroup>
    <None Include="72V-Battery-S11\72V_Battery.CSV">
      <Filter>battery-S11-72V</Filter>
    </None>
    <None Include="72V-Battery-S11\model.bin">
      <Filter>battery-S11-72V</Filter>
    </None>
  </ItemGroup>
  <ItemGroup>
    <Text Include="Text.txt">
      <Filter>battery-S11-72V</Filter>
    </Text>
  </ItemGroup>
</Project>